{
  "name": "jenschelkopf-npm",
  "version": "2.0.0",
  "lockfileVersion": 3,
  "requires": true,
  "packages": {
    "": {
      "name": "jenschelkopf-npm",
      "version": "2.0.0",
      "license": "ISC",
      "dependencies": {
        "jenschelkopf-npm-private": "github:dsp-testing/jenschelkopf-npm-private"
      }
    },
    "node_modules/jenschelkopf-npm": {
      "version": "2.0.0",
      "resolved": "git+ssh://git@github.com/dsp-testing/jenschelkopf-npm-public.git#bd8e820d6a21b76c3d3063f7cc3f94fbe28bc10e",
      "license": "ISC"
    },
    "node_modules/jenschelkopf-npm-private": {
      "version": "2.0.0",
      "resolved": "git+ssh://git@github.com/dsp-testing/jenschelkopf-npm-private.git#79ebf0ccb80f77e30bf595e0dae58f453f14ef3a",
      "license": "ISC",
      "dependencies": {
        "jenschelkopf-npm": "github:dsp-testing/jenschelkopf-npm-public"
      }
    }
  }
}
